// !$*UTF8*$!
{
	archiveVersion = 1;
	classes = {
	};
	objectVersion = 46;
	objects = {

/* Begin PBXBuildFile section */
		D93EA1451CA0F52D003E5AA2 /* main.m in Sources */ = {isa = PBXBuildFile; fileRef = D93EA1441CA0F52D003E5AA2 /* main.m */; };
		D93EA1481CA0F52D003E5AA2 /* AppDelegate.m in Sources */ = {isa = PBXBuildFile; fileRef = D93EA1471CA0F52D003E5AA2 /* AppDelegate.m */; };
		D93EA14B1CA0F52D003E5AA2 /* ViewController.m in Sources */ = {isa = PBXBuildFile; fileRef = D93EA14A1CA0F52D003E5AA2 /* ViewController.m */; };
		D93EA14E1CA0F52D003E5AA2 /* Main.storyboard in Resources */ = {isa = PBXBuildFile; fileRef = D93EA14C1CA0F52D003E5AA2 /* Main.storyboard */; };
		D93EA1501CA0F52D003E5AA2 /* Assets.xcassets in Resources */ = {isa = PBXBuildFile; fileRef = D93EA14F1CA0F52D003E5AA2 /* Assets.xcassets */; };
		D93EA1531CA0F52D003E5AA2 /* LaunchScreen.storyboard in Resources */ = {isa = PBXBuildFile; fileRef = D93EA1511CA0F52D003E5AA2 /* LaunchScreen.storyboard */; };
		D93EA15C1CA12044003E5AA2 /* LCPixelCell.m in Sources */ = {isa = PBXBuildFile; fileRef = D93EA15B1CA12044003E5AA2 /* LCPixelCell.m */; };
		D93EA15F1CA1238B003E5AA2 /* LCSecondViewController.m in Sources */ = {isa = PBXBuildFile; fileRef = D93EA15E1CA1238B003E5AA2 /* LCSecondViewController.m */; };
		D9A2C6A01CA3F3A400309A7E /* UIImageView+AddCornerRadius.m in Sources */ = {isa = PBXBuildFile; fileRef = D9A2C69F1CA3F3A400309A7E /* UIImageView+AddCornerRadius.m */; };
		D9A2C6A31CA3F4F700309A7E /* UIView+AddCornerRadius.m in Sources */ = {isa = PBXBuildFile; fileRef = D9A2C6A21CA3F4F700309A7E /* UIView+AddCornerRadius.m */; };
		D9C863A21CA524FF0064F5A1 /* LCImageView.m in Sources */ = {isa = PBXBuildFile; fileRef = D9C863A11CA524FF0064F5A1 /* LCImageView.m */; };
		D9C863A51CA53AC80064F5A1 /* LCView.m in Sources */ = {isa = PBXBuildFile; fileRef = D9C863A41CA53AC80064F5A1 /* LCView.m */; };
/* End PBXBuildFile section */

/* Begin PBXFileReference section */
		D93EA1401CA0F52D003E5AA2 /* LCPixel.app */ = {isa = PBXFileReference; explicitFileType = wrapper.application; includeInIndex = 0; path = LCPixel.app; sourceTree = BUILT_PRODUCTS_DIR; };
		D93EA1441CA0F52D003E5AA2 /* main.m */ = {isa = PBXFileReference; lastKnownFileType = sourcecode.c.objc; path = main.m; sourceTree = "<group>"; };
		D93EA1461CA0F52D003E5AA2 /* AppDelegate.h */ = {isa = PBXFileReference; lastKnownFileType = sourcecode.c.h; path = AppDelegate.h; sourceTree = "<group>"; };
		D93EA1471CA0F52D003E5AA2 /* AppDelegate.m */ = {isa = PBXFileReference; lastKnownFileType = sourcecode.c.objc; path = AppDelegate.m; sourceTree = "<group>"; };
		D93EA1491CA0F52D003E5AA2 /* ViewController.h */ = {isa = PBXFileReference; lastKnownFileType = sourcecode.c.h; path = ViewController.h; sourceTree = "<group>"; };
		D93EA14A1CA0F52D003E5AA2 /* ViewController.m */ = {isa = PBXFileReference; lastKnownFileType = sourcecode.c.objc; path = ViewController.m; sourceTree = "<group>"; };
		D93EA14D1CA0F52D003E5AA2 /* Base */ = {isa = PBXFileReference; lastKnownFileType = file.storyboard; name = Base; path = Base.lproj/Main.storyboard; sourceTree = "<group>"; };
		D93EA14F1CA0F52D003E5AA2 /* Assets.xcassets */ = {isa = PBXFileReference; lastKnownFileType = folder.assetcatalog; path = Assets.xcassets; sourceTree = "<group>"; };
		D93EA1521CA0F52D003E5AA2 /* Base */ = {isa = PBXFileReference; lastKnownFileType = file.storyboard; name = Base; path = Base.lproj/LaunchScreen.storyboard; sourceTree = "<group>"; };
		D93EA1541CA0F52D003E5AA2 /* Info.plist */ = {isa = PBXFileReference; lastKnownFileType = text.plist.xml; path = Info.plist; sourceTree = "<group>"; };
		D93EA15A1CA12044003E5AA2 /* LCPixelCell.h */ = {isa = PBXFileReference; fileEncoding = 4; lastKnownFileType = sourcecode.c.h; path = LCPixelCell.h; sourceTree = "<group>"; };
		D93EA15B1CA12044003E5AA2 /* LCPixelCell.m */ = {isa = PBXFileReference; fileEncoding = 4; lastKnownFileType = sourcecode.c.objc; path = LCPixelCell.m; sourceTree = "<group>"; };
		D93EA15D1CA1238B003E5AA2 /* LCSecondViewController.h */ = {isa = PBXFileReference; fileEncoding = 4; lastKnownFileType = sourcecode.c.h; path = LCSecondViewController.h; sourceTree = "<group>"; };
		D93EA15E1CA1238B003E5AA2 /* LCSecondViewController.m */ = {isa = PBXFileReference; fileEncoding = 4; lastKnownFileType = sourcecode.c.objc; path = LCSecondViewController.m; sourceTree = "<group>"; };
		D9A2C69E1CA3F3A400309A7E /* UIImageView+AddCornerRadius.h */ = {isa = PBXFileReference; fileEncoding = 4; lastKnownFileType = sourcecode.c.h; path = "UIImageView+AddCornerRadius.h"; sourceTree = "<group>"; };
		D9A2C69F1CA3F3A400309A7E /* UIImageView+AddCornerRadius.m */ = {isa = PBXFileReference; fileEncoding = 4; lastKnownFileType = sourcecode.c.objc; path = "UIImageView+AddCornerRadius.m"; sourceTree = "<group>"; };
		D9A2C6A11CA3F4F700309A7E /* UIView+AddCornerRadius.h */ = {isa = PBXFileReference; fileEncoding = 4; lastKnownFileType = sourcecode.c.h; path = "UIView+AddCornerRadius.h"; sourceTree = "<group>"; };
		D9A2C6A21CA3F4F700309A7E /* UIView+AddCornerRadius.m */ = {isa = PBXFileReference; fileEncoding = 4; lastKnownFileType = sourcecode.c.objc; path = "UIView+AddCornerRadius.m"; sourceTree = "<group>"; };
		D9C863A01CA524FF0064F5A1 /* LCImageView.h */ = {isa = PBXFileReference; fileEncoding = 4; lastKnownFileType = sourcecode.c.h; path = LCImageView.h; sourceTree = "<group>"; };
		D9C863A11CA524FF0064F5A1 /* LCImageView.m */ = {isa = PBXFileReference; fileEncoding = 4; lastKnownFileType = sourcecode.c.objc; path = LCImageView.m; sourceTree = "<group>"; };
		D9C863A31CA53AC80064F5A1 /* LCView.h */ = {isa = PBXFileReference; fileEncoding = 4; lastKnownFileType = sourcecode.c.h; path = LCView.h; sourceTree = "<group>"; };
		D9C863A41CA53AC80064F5A1 /* LCView.m */ = {isa = PBXFileReference; fileEncoding = 4; lastKnownFileType = sourcecode.c.objc; path = LCView.m; sourceTree = "<group>"; };
/* End PBXFileReference section */

/* Begin PBXFrameworksBuildPhase section */
		D93EA13D1CA0F52D003E5AA2 /* Frameworks */ = {
			isa = PBXFrameworksBuildPhase;
			buildActionMask = 2147483647;
			files = (
			);
			runOnlyForDeploymentPostprocessing = 0;
		};
/* End PBXFrameworksBuildPhase section */

/* Begin PBXGroup section */
		D93EA1371CA0F52D003E5AA2 = {
			isa = PBXGroup;
			children = (
				D93EA1421CA0F52D003E5AA2 /* LCPixel */,
				D93EA1411CA0F52D003E5AA2 /* Products */,
			);
			sourceTree = "<group>";
		};
		D93EA1411CA0F52D003E5AA2 /* Products */ = {
			isa = PBXGroup;
			children = (
				D93EA1401CA0F52D003E5AA2 /* LCPixel.app */,
			);
			name = Products;
			sourceTree = "<group>";
		};
		D93EA1421CA0F52D003E5AA2 /* LCPixel */ = {
			isa = PBXGroup;
			children = (
				D93EA1461CA0F52D003E5AA2 /* AppDelegate.h */,
				D93EA1471CA0F52D003E5AA2 /* AppDelegate.m */,
				D93EA1491CA0F52D003E5AA2 /* ViewController.h */,
				D93EA14A1CA0F52D003E5AA2 /* ViewController.m */,
				D93EA15D1CA1238B003E5AA2 /* LCSecondViewController.h */,
				D93EA15E1CA1238B003E5AA2 /* LCSecondViewController.m */,
				D93EA15A1CA12044003E5AA2 /* LCPixelCell.h */,
				D93EA15B1CA12044003E5AA2 /* LCPixelCell.m */,
				D9C863A01CA524FF0064F5A1 /* LCImageView.h */,
				D9C863A11CA524FF0064F5A1 /* LCImageView.m */,
				D9C863A31CA53AC80064F5A1 /* LCView.h */,
				D9C863A41CA53AC80064F5A1 /* LCView.m */,
				D9A2C69E1CA3F3A400309A7E /* UIImageView+AddCornerRadius.h */,
				D9A2C69F1CA3F3A400309A7E /* UIImageView+AddCornerRadius.m */,
				D9A2C6A11CA3F4F700309A7E /* UIView+AddCornerRadius.h */,
				D9A2C6A21CA3F4F700309A7E /* UIView+AddCornerRadius.m */,
				D93EA14C1CA0F52D003E5AA2 /* Main.storyboard */,
				D93EA14F1CA0F52D003E5AA2 /* Assets.xcassets */,
				D93EA1511CA0F52D003E5AA2 /* LaunchScreen.storyboard */,
				D93EA1541CA0F52D003E5AA2 /* Info.plist */,
				D93EA1431CA0F52D003E5AA2 /* Supporting Files */,
			);
			path = LCPixel;
			sourceTree = "<group>";
		};
		D93EA1431CA0F52D003E5AA2 /* Supporting Files */ = {
			isa = PBXGroup;
			children = (
				D93EA1441CA0F52D003E5AA2 /* main.m */,
			);
			name = "Supporting Files";
			sourceTree = "<group>";
		};
/* End PBXGroup section */

/* Begin PBXNativeTarget section */
		D93EA13F1CA0F52D003E5AA2 /* LCPixel */ = {
			isa = PBXNativeTarget;
			buildConfigurationList = D93EA1571CA0F52D003E5AA2 /* Build configuration list for PBXNativeTarget "LCPixel" */;
			buildPhases = (
				D93EA13C1CA0F52D003E5AA2 /* Sources */,
				D93EA13D1CA0F52D003E5AA2 /* Frameworks */,
				D93EA13E1CA0F52D003E5AA2 /* Resources */,
			);
			buildRules = (
			);
			dependencies = (
			);
			name = LCPixel;
			productName = LCPixel;
			productReference = D93EA1401CA0F52D003E5AA2 /* LCPixel.app */;
			productType = "com.apple.product-type.application";
		};
/* End PBXNativeTarget section */

/* Begin PBXProject section */
		D93EA1381CA0F52D003E5AA2 /* Project object */ = {
			isa = PBXProject;
			attributes = {
				LastUpgradeCheck = 0720;
				ORGANIZATIONNAME = "Sean Lee";
				TargetAttributes = {
					D93EA13F1CA0F52D003E5AA2 = {
						CreatedOnToolsVersion = 7.2.1;
						DevelopmentTeam = DGT9C327YY;
					};
				};
			};
			buildConfigurationList = D93EA13B1CA0F52D003E5AA2 /* Build configuration list for PBXProject "LCPixel" */;
			compatibilityVersion = "Xcode 3.2";
			developmentRegion = English;
			hasScannedForEncodings = 0;
			knownRegions = (
				en,
				Base,
			);
			mainGroup = D93EA1371CA0F52D003E5AA2;
			productRefGroup = D93EA1411CA0F52D003E5AA2 /* Products */;
			projectDirPath = "";
			projectRoot = "";
			targets = (
				D93EA13F1CA0F52D003E5AA2 /* LCPixel */,
			);
		};
/* End PBXProject section */

/* Begin PBXResourcesBuildPhase section */
		D93EA13E1CA0F52D003E5AA2 /* Resources */ = {
			isa = PBXResourcesBuildPhase;
			buildActionMask = 2147483647;
			files = (
				D93EA1531CA0F52D003E5AA2 /* LaunchScreen.storyboard in Resources */,
				D93EA1501CA0F52D003E5AA2 /* Assets.xcassets in Resources */,
				D93EA14E1CA0F52D003E5AA2 /* Main.storyboard in Resources */,
			);
			runOnlyForDeploymentPostprocessing = 0;
		};
/* End PBXResourcesBuildPhase section */

/* Begin PBXSourcesBuildPhase section */
		D93EA13C1CA0F52D003E5AA2 /* Sources */ = {
			isa = PBXSourcesBuildPhase;
			buildActionMask = 2147483647;
			files = (
				D9A2C6A31CA3F4F700309A7E /* UIView+AddCornerRadius.m in Sources */,
				D93EA15F1CA1238B003E5AA2 /* LCSecondViewController.m in Sources */,
				D9C863A51CA53AC80064F5A1 /* LCView.m in Sources */,
				D93EA14B1CA0F52D003E5AA2 /* ViewController.m in Sources */,
				D93EA15C1CA12044003E5AA2 /* LCPixelCell.m in Sources */,
				D93EA1481CA0F52D003E5AA2 /* AppDelegate.m in Sources */,
				D9C863A21CA524FF0064F5A1 /* LCImageView.m in Sources */,
				D93EA1451CA0F52D003E5AA2 /* main.m in Sources */,
				D9A2C6A01CA3F3A400309A7E /* UIImageView+AddCornerRadius.m in Sources */,
			);
			runOnlyForDeploymentPostprocessing = 0;
		};
/* End PBXSourcesBuildPhase section */

/* Begin PBXVariantGroup section */
		D93EA14C1CA0F52D003E5AA2 /* Main.storyboard */ = {
			isa = PBXVariantGroup;
			children = (
				D93EA14D1CA0F52D003E5AA2 /* Base */,
			);
			name = Main.storyboard;
			sourceTree = "<group>";
		};
		D93EA1511CA0F52D003E5AA2 /* LaunchScreen.storyboard */ = {
			isa = PBXVariantGroup;
			children = (
				D93EA1521CA0F52D003E5AA2 /* Base */,
			);
			name = LaunchScreen.storyboard;
			sourceTree = "<group>";
		};
/* End PBXVariantGroup section */

/* Begin XCBuildConfiguration section */
		D93EA1551CA0F52D003E5AA2 /* Debug */ = {
			isa = XCBuildConfiguration;
			buildSettings = {
				ALWAYS_SEARCH_USER_PATHS = NO;
				CLANG_CXX_LANGUAGE_STANDARD = "gnu++0x";
				CLANG_CXX_LIBRARY = "libc++";
				CLANG_ENABLE_MODULES = YES;
				CLANG_ENABLE_OBJC_ARC = YES;
				CLANG_WARN_BOOL_CONVERSION = YES;
				CLANG_WARN_CONSTANT_CONVERSION = YES;
				CLANG_WARN_DIRECT_OBJC_ISA_USAGE = YES_ERROR;
				CLANG_WARN_EMPTY_BODY = YES;
				CLANG_WARN_ENUM_CONVERSION = YES;
				CLANG_WARN_INT_CONVERSION = YES;
				CLANG_WARN_OBJC_ROOT_CLASS = YES_ERROR;
				CLANG_WARN_UNREACHABLE_CODE = YES;
				CLANG_WARN__DUPLICATE_METHOD_MATCH = YES;
				"CODE_SIGN_IDENTITY[sdk=iphoneos*]" = "iPhone Developer";
				COPY_PHASE_STRIP = NO;
				DEBUG_INFORMATION_FORMAT = dwarf;
				ENABLE_STRICT_OBJC_MSGSEND = YES;
				ENABLE_TESTABILITY = YES;
				GCC_C_LANGUAGE_STANDARD = gnu99;
				GCC_DYNAMIC_NO_PIC = NO;
				GCC_NO_COMMON_BLOCKS = YES;
				GCC_OPTIMIZATION_LEVEL = 0;
				GCC_PREPROCESSOR_DEFINITIONS = (
					"DEBUG=1",
					"$(inherited)",
				);
				GCC_WARN_64_TO_32_BIT_CONVERSION = YES;
				GCC_WARN_ABOUT_RETURN_TYPE = YES_ERROR;
				GCC_WARN_UNDECLARED_SELECTOR = YES;
				GCC_WARN_UNINITIALIZED_AUTOS = YES_AGGRESSIVE;
				GCC_WARN_UNUSED_FUNCTION = YES;
				GCC_WARN_UNUSED_VARIABLE = YES;
				IPHONEOS_DEPLOYMENT_TARGET = 9.2;
				MTL_ENABLE_DEBUG_INFO = YES;
				ONLY_ACTIVE_ARCH = YES;
				SDKROOT = iphoneos;
				TARGETED_DEVICE_FAMILY = "1,2";
			};
			name = Debug;
		};
		D93EA1561CA0F52D003E5AA2 /* Release */ = {
			isa = XCBuildConfiguration;
			buildSettings = {
				ALWAYS_SEARCH_USER_PATHS = NO;
				CLANG_CXX_LANGUAGE_STANDARD = "gnu++0x";
				CLANG_CXX_LIBRARY = "libc++";
				CLANG_ENABLE_MODULES = YES;
				CLANG_ENABLE_OBJC_ARC = YES;
				CLANG_WARN_BOOL_CONVERSION = YES;
				CLANG_WARN_CONSTANT_CONVERSION = YES;
				CLANG_WARN_DIRECT_OBJC_ISA_USAGE = YES_ERROR;
				CLANG_WARN_EMPTY_BODY = YES;
				CLANG_WARN_ENUM_CONVERSION = YES;
				CLANG_WARN_INT_CONVERSION = YES;
				CLANG_WARN_OBJC_ROOT_CLASS = YES_ERROR;
				CLANG_WARN_UNREACHABLE_CODE = YES;
				CLANG_WARN__DUPLICATE_METHOD_MATCH = YES;
				"CODE_SIGN_IDENTITY[sdk=iphoneos*]" = "iPhone Developer";
				COPY_PHASE_STRIP = NO;
				DEBUG_INFORMATION_FORMAT = "dwarf-with-dsym";
				ENABLE_NS_ASSERTIONS = NO;
				ENABLE_STRICT_OBJC_MSGSEND = YES;
				GCC_C_LANGUAGE_STANDARD = gnu99;
				GCC_NO_COMMON_BLOCKS = YES;
				GCC_WARN_64_TO_32_BIT_CONVERSION = YES;
				GCC_WARN_ABOUT_RETURN_TYPE = YES_ERROR;
				GCC_WARN_UNDECLARED_SELECTOR = YES;
				GCC_WARN_UNINITIALIZED_AUTOS = YES_AGGRESSIVE;
				GCC_WARN_UNUSED_FUNCTION = YES;
				GCC_WARN_UNUSED_VARIABLE = YES;
				IPHONEOS_DEPLOYMENT_TARGET = 9.2;
				MTL_ENABLE_DEBUG_INFO = NO;
				SDKROOT = iphoneos;
				TARGETED_DEVICE_FAMILY = "1,2";
				VALIDATE_PRODUCT = YES;
			};
			name = Release;
		};
		D93EA1581CA0F52D003E5AA2 /* Debug */ = {
			isa = XCBuildConfiguration;
			buildSettings = {
				ASSETCATALOG_COMPILER_APPICON_NAME = AppIcon;
				CODE_SIGN_IDENTITY = "iPhone Developer";
				INFOPLIST_FILE = LCPixel/Info.plist;
				IPHONEOS_DEPLOYMENT_TARGET = 7.1;
				LD_RUNPATH_SEARCH_PATHS = "$(inherited) @executable_path/Frameworks";
				PRODUCT_BUNDLE_IDENTIFIER = licong;
				PRODUCT_NAME = "$(TARGET_NAME)";
			};
			name = Debug;
		};
		D93EA1591CA0F52D003E5AA2 /* Release */ = {
			isa = XCBuildConfiguration;
			buildSettings = {
				ASSETCATALOG_COMPILER_APPICON_NAME = AppIcon;
				CODE_SIGN_IDENTITY = "iPhone Developer";
				INFOPLIST_FILE = LCPixel/Info.plist;
				IPHONEOS_DEPLOYMENT_TARGET = 7.1;
				LD_RUNPATH_SEARCH_PATHS = "$(inherited) @executable_path/Frameworks";
				PRODUCT_BUNDLE_IDENTIFIER = licong;
				PRODUCT_NAME = "$(TARGET_NAME)";
			};
			name = Release;
		};
/* End XCBuildConfiguration section */

/* Begin XCConfigurationList section */
		D93EA13B1CA0F52D003E5AA2 /* Build configuration list for PBXProject "LCPixel" */ = {
			isa = XCConfigurationList;
			buildConfigurations = (
				D93EA1551CA0F52D003E5AA2 /* Debug */,
				D93EA1561CA0F52D003E5AA2 /* Release */,
			);
			defaultConfigurationIsVisible = 0;
			defaultConfigurationName = Release;
		};
		D93EA1571CA0F52D003E5AA2 /* Build configuration list for PBXNativeTarget "LCPixel" */ = {
			isa = XCConfigurationList;
			buildConfigurations = (
				D93EA1581CA0F52D003E5AA2 /* Debug */,
				D93EA1591CA0F52D003E5AA2 /* Release */,
			);
			defaultConfigurationIsVisible = 0;
			defaultConfigurationName = Release;
		};
/* End XCConfigurationList section */
	};
	rootObject = D93EA1381CA0F52D003E5AA2 /* Project object */;
}
